// !$*UTF8*$!
{
	archiveVersion = 1;
	classes = {
	};
	objectVersion = 46;
	objects = {

/* Begin PBXBuildFile section */
		2D0BC2D71E271398002CB532 /* AppDelegate.swift in Sources */ = {isa = PBXBuildFile; fileRef = 2D0BC2D61E271398002CB532 /* AppDelegate.swift */; };
		2D0BC2D91E271398002CB532 /* ViewController.swift in Sources */ = {isa = PBXBuildFile; fileRef = 2D0BC2D81E271398002CB532 /* ViewController.swift */; };
		2D0BC2DC1E271398002CB532 /* Main.storyboard in Resources */ = {isa = PBXBuildFile; fileRef = 2D0BC2DA1E271398002CB532 /* Main.storyboard */; };
		2D0BC2DE1E271398002CB532 /* Assets.xcassets in Resources */ = {isa = PBXBuildFile; fileRef = 2D0BC2DD1E271398002CB532 /* Assets.xcassets */; };
		2D0BC2E11E271398002CB532 /* LaunchScreen.storyboard in Resources */ = {isa = PBXBuildFile; fileRef = 2D0BC2DF1E271398002CB532 /* LaunchScreen.storyboard */; };
/* End PBXBuildFile section */

/* Begin PBXContainerItemProxy section */
		2D6869EF1E282EBF003DB447 /* PBXContainerItemProxy */ = {
			isa = PBXContainerItemProxy;
			containerPortal = 2D6869EB1E282EBF003DB447 /* saludoStarcraft.xcodeproj */;
			proxyType = 2;
			remoteGlobalIDString = 2D263DD81E2761B800EE62D9;
			remoteInfo = saludoStarcraft;
		};
		2D6869F51E282EC7003DB447 /* PBXContainerItemProxy */ = {
			isa = PBXContainerItemProxy;
			containerPortal = 2D6869F11E282EC7003DB447 /* saludoStarcraft.xcodeproj */;
			proxyType = 2;
			remoteGlobalIDString = 2D263DD81E2761B800EE62D9;
			remoteInfo = saludoStarcraft;
		};
/* End PBXContainerItemProxy section */

/* Begin PBXFileReference section */
		2D0BC2D31E271398002CB532 /* HelloWorld.app */ = {isa = PBXFileReference; explicitFileType = wrapper.application; includeInIndex = 0; path = HelloWorld.app; sourceTree = BUILT_PRODUCTS_DIR; };
		2D0BC2D61E271398002CB532 /* AppDelegate.swift */ = {isa = PBXFileReference; lastKnownFileType = sourcecode.swift; path = AppDelegate.swift; sourceTree = "<group>"; };
		2D0BC2D81E271398002CB532 /* ViewController.swift */ = {isa = PBXFileReference; lastKnownFileType = sourcecode.swift; path = ViewController.swift; sourceTree = "<group>"; };
		2D0BC2DB1E271398002CB532 /* Base */ = {isa = PBXFileReference; lastKnownFileType = file.storyboard; name = Base; path = Base.lproj/Main.storyboard; sourceTree = "<group>"; };
		2D0BC2DD1E271398002CB532 /* Assets.xcassets */ = {isa = PBXFileReference; lastKnownFileType = folder.assetcatalog; path = Assets.xcassets; sourceTree = "<group>"; };
		2D0BC2E01E271398002CB532 /* Base */ = {isa = PBXFileReference; lastKnownFileType = file.storyboard; name = Base; path = Base.lproj/LaunchScreen.storyboard; sourceTree = "<group>"; };
		2D0BC2E21E271398002CB532 /* Info.plist */ = {isa = PBXFileReference; lastKnownFileType = text.plist.xml; path = Info.plist; sourceTree = "<group>"; };
		2D6869EB1E282EBF003DB447 /* saludoStarcraft.xcodeproj */ = {isa = PBXFileReference; lastKnownFileType = "wrapper.pb-project"; name = saludoStarcraft.xcodeproj; path = ../saludoStarcraft/saludoStarcraft.xcodeproj; sourceTree = "<group>"; };
		2D6869F11E282EC7003DB447 /* saludoStarcraft.xcodeproj */ = {isa = PBXFileReference; lastKnownFileType = "wrapper.pb-project"; name = saludoStarcraft.xcodeproj; path = ../saludoStarcraft/saludoStarcraft.xcodeproj; sourceTree = "<group>"; };
/* End PBXFileReference section */

/* Begin PBXFrameworksBuildPhase section */
		2D0BC2D01E271398002CB532 /* Frameworks */ = {
			isa = PBXFrameworksBuildPhase;
			buildActionMask = 2147483647;
			files = (
			);
			runOnlyForDeploymentPostprocessing = 0;
		};
/* End PBXFrameworksBuildPhase section */

/* Begin PBXGroup section */
		2D0BC2CA1E271398002CB532 = {
			isa = PBXGroup;
			children = (
				2D6869F11E282EC7003DB447 /* saludoStarcraft.xcodeproj */,
				2D6869EB1E282EBF003DB447 /* saludoStarcraft.xcodeproj */,
				2D0BC2D51E271398002CB532 /* HelloWorld */,
				2D0BC2D41E271398002CB532 /* Products */,
			);
			sourceTree = "<group>";
		};
		2D0BC2D41E271398002CB532 /* Products */ = {
			isa = PBXGroup;
			children = (
				2D0BC2D31E271398002CB532 /* HelloWorld.app */,
			);
			name = Products;
			sourceTree = "<group>";
		};
		2D0BC2D51E271398002CB532 /* HelloWorld */ = {
			isa = PBXGroup;
			children = (
				2D0BC2D61E271398002CB532 /* AppDelegate.swift */,
				2D0BC2D81E271398002CB532 /* ViewController.swift */,
				2D0BC2DA1E271398002CB532 /* Main.storyboard */,
				2D0BC2DD1E271398002CB532 /* Assets.xcassets */,
				2D0BC2DF1E271398002CB532 /* LaunchScreen.storyboard */,
				2D0BC2E21E271398002CB532 /* Info.plist */,
			);
			path = HelloWorld;
			sourceTree = "<group>";
		};
		2D6869EC1E282EBF003DB447 /* Products */ = {
			isa = PBXGroup;
			children = (
				2D6869F01E282EBF003DB447 /* saludoStarcraft.app */,
			);
			name = Products;
			sourceTree = "<group>";
		};
		2D6869F21E282EC7003DB447 /* Products */ = {
			isa = PBXGroup;
			children = (
				2D6869F61E282EC7003DB447 /* saludoStarcraft.app */,
			);
			name = Products;
			sourceTree = "<group>";
		};
/* End PBXGroup section */

/* Begin PBXNativeTarget section */
		2D0BC2D21E271398002CB532 /* HelloWorld */ = {
			isa = PBXNativeTarget;
			buildConfigurationList = 2D0BC2E51E271398002CB532 /* Build configuration list for PBXNativeTarget "HelloWorld" */;
			buildPhases = (
				2D0BC2CF1E271398002CB532 /* Sources */,
				2D0BC2D01E271398002CB532 /* Frameworks */,
				2D0BC2D11E271398002CB532 /* Resources */,
			);
			buildRules = (
			);
			dependencies = (
			);
			name = HelloWorld;
			productName = HelloWorld;
			productReference = 2D0BC2D31E271398002CB532 /* HelloWorld.app */;
			productType = "com.apple.product-type.application";
		};
/* End PBXNativeTarget section */

/* Begin PBXProject section */
		2D0BC2CB1E271398002CB532 /* Project object */ = {
			isa = PBXProject;
			attributes = {
				LastSwiftUpdateCheck = 0820;
				LastUpgradeCheck = 0820;
				ORGANIZATIONNAME = "Eduardo D De La Cruz Marrero";
				TargetAttributes = {
					2D0BC2D21E271398002CB532 = {
						CreatedOnToolsVersion = 8.2.1;
						ProvisioningStyle = Automatic;
					};
				};
			};
			buildConfigurationList = 2D0BC2CE1E271398002CB532 /* Build configuration list for PBXProject "HelloWorld" */;
			compatibilityVersion = "Xcode 3.2";
			developmentRegion = English;
			hasScannedForEncodings = 0;
			knownRegions = (
				en,
				Base,
			);
			mainGroup = 2D0BC2CA1E271398002CB532;
			productRefGroup = 2D0BC2D41E271398002CB532 /* Products */;
			projectDirPath = "";
			projectReferences = (
				{
					ProductGroup = 2D6869F21E282EC7003DB447 /* Products */;
					ProjectRef = 2D6869F11E282EC7003DB447 /* saludoStarcraft.xcodeproj */;
				},
				{
					ProductGroup = 2D6869EC1E282EBF003DB447 /* Products */;
					ProjectRef = 2D6869EB1E282EBF003DB447 /* saludoStarcraft.xcodeproj */;
				},
			);
			projectRoot = "";
			targets = (
				2D0BC2D21E271398002CB532 /* HelloWorld */,
			);
		};
/* End PBXProject section */

/* Begin PBXReferenceProxy section */
		2D6869F01E282EBF003DB447 /* saludoStarcraft.app */ = {
			isa = PBXReferenceProxy;
			fileType = wrapper.application;
			path = saludoStarcraft.app;
			remoteRef = 2D6869EF1E282EBF003DB447 /* PBXContainerItemProxy */;
			sourceTree = BUILT_PRODUCTS_DIR;
		};
		2D6869F61E282EC7003DB447 /* saludoStarcraft.app */ = {
			isa = PBXReferenceProxy;
			fileType = wrapper.application;
			path = saludoStarcraft.app;
			remoteRef = 2D6869F51E282EC7003DB447 /* PBXContainerItemProxy */;
			sourceTree = BUILT_PRODUCTS_DIR;
		};
/* End PBXReferenceProxy section */

/* Begin PBXResourcesBuildPhase section */
		2D0BC2D11E271398002CB532 /* Resources */ = {
			isa = PBXResourcesBuildPhase;
			buildActionMask = 2147483647;
			files = (
				2D0BC2E11E271398002CB532 /* LaunchScreen.storyboard in Resources */,
				2D0BC2DE1E271398002CB532 /* Assets.xcassets in Resources */,
				2D0BC2DC1E271398002CB532 /* Main.storyboard in Resources */,
			);
			runOnlyForDeploymentPostprocessing = 0;
		};
/* End PBXResourcesBuildPhase section */

/* Begin PBXSourcesBuildPhase section */
		2D0BC2CF1E271398002CB532 /* Sources */ = {
			isa = PBXSourcesBuildPhase;
			buildActionMask = 2147483647;
			files = (
				2D0BC2D91E271398002CB532 /* ViewController.swift in Sources */,
				2D0BC2D71E271398002CB532 /* AppDelegate.swift in Sources */,
			);
			runOnlyForDeploymentPostprocessing = 0;
		};
/* End PBXSourcesBuildPhase section */

/* Begin PBXVariantGroup section */
		2D0BC2DA1E271398002CB532 /* Main.storyboard */ = {
			isa = PBXVariantGroup;
			children = (
				2D0BC2DB1E271398002CB532 /* Base */,
			);
			name = Main.storyboard;
			sourceTree = "<group>";
		};
		2D0BC2DF1E271398002CB532 /* LaunchScreen.storyboard */ = {
			isa = PBXVariantGroup;
			children = (
				2D0BC2E01E271398002CB532 /* Base */,
			);
			name = LaunchScreen.storyboard;
			sourceTree = "<group>";
		};
/* End PBXVariantGroup section */

/* Begin XCBuildConfiguration section */
		2D0BC2E31E271398002CB532 /* Debug */ = {
			isa = XCBuildConfiguration;
			buildSettings = {
				ALWAYS_SEARCH_USER_PATHS = NO;
				CLANG_ANALYZER_NONNULL = YES;
				CLANG_CXX_LANGUAGE_STANDARD = "gnu++0x";
				CLANG_CXX_LIBRARY = "libc++";
				CLANG_ENABLE_MODULES = YES;
				CLANG_ENABLE_OBJC_ARC = YES;
				CLANG_WARN_BOOL_CONVERSION = YES;
				CLANG_WARN_CONSTANT_CONVERSION = YES;
				CLANG_WARN_DIRECT_OBJC_ISA_USAGE = YES_ERROR;
				CLANG_WARN_DOCUMENTATION_COMMENTS = YES;
				CLANG_WARN_EMPTY_BODY = YES;
				CLANG_WARN_ENUM_CONVERSION = YES;
				CLANG_WARN_INFINITE_RECURSION = YES;
				CLANG_WARN_INT_CONVERSION = YES;
				CLANG_WARN_OBJC_ROOT_CLASS = YES_ERROR;
				CLANG_WARN_SUSPICIOUS_MOVE = YES;
				CLANG_WARN_UNREACHABLE_CODE = YES;
				CLANG_WARN__DUPLICATE_METHOD_MATCH = YES;
				"CODE_SIGN_IDENTITY[sdk=iphoneos*]" = "iPhone Developer";
				COPY_PHASE_STRIP = NO;
				DEBUG_INFORMATION_FORMAT = dwarf;
				ENABLE_STRICT_OBJC_MSGSEND = YES;
				ENABLE_TESTABILITY = YES;
				GCC_C_LANGUAGE_STANDARD = gnu99;
				GCC_DYNAMIC_NO_PIC = NO;
				GCC_NO_COMMON_BLOCKS = YES;
				GCC_OPTIMIZATION_LEVEL = 0;
				GCC_PREPROCESSOR_DEFINITIONS = (
					"DEBUG=1",
					"$(inherited)",
				);
				GCC_WARN_64_TO_32_BIT_CONVERSION = YES;
				GCC_WARN_ABOUT_RETURN_TYPE = YES_ERROR;
				GCC_WARN_UNDECLARED_SELECTOR = YES;
				GCC_WARN_UNINITIALIZED_AUTOS = YES_AGGRESSIVE;
				GCC_WARN_UNUSED_FUNCTION = YES;
				GCC_WARN_UNUSED_VARIABLE = YES;
				IPHONEOS_DEPLOYMENT_TARGET = 10.2;
				MTL_ENABLE_DEBUG_INFO = YES;
				ONLY_ACTIVE_ARCH = YES;
				SDKROOT = iphoneos;
				SWIFT_ACTIVE_COMPILATION_CONDITIONS = DEBUG;
				SWIFT_OPTIMIZATION_LEVEL = "-Onone";
			};
			name = Debug;
		};
		2D0BC2E41E271398002CB532 /* Release */ = {
			isa = XCBuildConfiguration;
			buildSettings = {
				ALWAYS_SEARCH_USER_PATHS = NO;
				CLANG_ANALYZER_NONNULL = YES;
				CLANG_CXX_LANGUAGE_STANDARD = "gnu++0x";
				CLANG_CXX_LIBRARY = "libc++";
				CLANG_ENABLE_MODULES = YES;
				CLANG_ENABLE_OBJC_ARC = YES;
				CLANG_WARN_BOOL_CONVERSION = YES;
				CLANG_WARN_CONSTANT_CONVERSION = YES;
				CLANG_WARN_DIRECT_OBJC_ISA_USAGE = YES_ERROR;
				CLANG_WARN_DOCUMENTATION_COMMENTS = YES;
				CLANG_WARN_EMPTY_BODY = YES;
				CLANG_WARN_ENUM_CONVERSION = YES;
				CLANG_WARN_INFINITE_RECURSION = YES;
				CLANG_WARN_INT_CONVERSION = YES;
				CLANG_WARN_OBJC_ROOT_CLASS = YES_ERROR;
				CLANG_WARN_SUSPICIOUS_MOVE = YES;
				CLANG_WARN_UNREACHABLE_CODE = YES;
				CLANG_WARN__DUPLICATE_METHOD_MATCH = YES;
				"CODE_SIGN_IDENTITY[sdk=iphoneos*]" = "iPhone Developer";
				COPY_PHASE_STRIP = NO;
				DEBUG_INFORMATION_FORMAT = "dwarf-with-dsym";
				ENABLE_NS_ASSERTIONS = NO;
				ENABLE_STRICT_OBJC_MSGSEND = YES;
				GCC_C_LANGUAGE_STANDARD = gnu99;
				GCC_NO_COMMON_BLOCKS = YES;
				GCC_WARN_64_TO_32_BIT_CONVERSION = YES;
				GCC_WARN_ABOUT_RETURN_TYPE = YES_ERROR;
				GCC_WARN_UNDECLARED_SELECTOR = YES;
				GCC_WARN_UNINITIALIZED_AUTOS = YES_AGGRESSIVE;
				GCC_WARN_UNUSED_FUNCTION = YES;
				GCC_WARN_UNUSED_VARIABLE = YES;
				IPHONEOS_DEPLOYMENT_TARGET = 10.2;
				MTL_ENABLE_DEBUG_INFO = NO;
				SDKROOT = iphoneos;
				SWIFT_OPTIMIZATION_LEVEL = "-Owholemodule";
				VALIDATE_PRODUCT = YES;
			};
			name = Release;
		};
		2D0BC2E61E271398002CB532 /* Debug */ = {
			isa = XCBuildConfiguration;
			buildSettings = {
				ASSETCATALOG_COMPILER_APPICON_NAME = AppIcon;
				INFOPLIST_FILE = HelloWorld/Info.plist;
				LD_RUNPATH_SEARCH_PATHS = "$(inherited) @executable_path/Frameworks";
				PRODUCT_BUNDLE_IDENTIFIER = com.eduardodelacruz.HelloWorld;
				PRODUCT_NAME = "$(TARGET_NAME)";
				SWIFT_VERSION = 3.0;
			};
			name = Debug;
		};
		2D0BC2E71E271398002CB532 /* Release */ = {
			isa = XCBuildConfiguration;
			buildSettings = {
				ASSETCATALOG_COMPILER_APPICON_NAME = AppIcon;
				INFOPLIST_FILE = HelloWorld/Info.plist;
				LD_RUNPATH_SEARCH_PATHS = "$(inherited) @executable_path/Frameworks";
				PRODUCT_BUNDLE_IDENTIFIER = com.eduardodelacruz.HelloWorld;
				PRODUCT_NAME = "$(TARGET_NAME)";
				SWIFT_VERSION = 3.0;
			};
			name = Release;
		};
/* End XCBuildConfiguration section */

/* Begin XCConfigurationList section */
		2D0BC2CE1E271398002CB532 /* Build configuration list for PBXProject "HelloWorld" */ = {
			isa = XCConfigurationList;
			buildConfigurations = (
				2D0BC2E31E271398002CB532 /* Debug */,
				2D0BC2E41E271398002CB532 /* Release */,
			);
			defaultConfigurationIsVisible = 0;
			defaultConfigurationName = Release;
		};
		2D0BC2E51E271398002CB532 /* Build configuration list for PBXNativeTarget "HelloWorld" */ = {
			isa = XCConfigurationList;
			buildConfigurations = (
				2D0BC2E61E271398002CB532 /* Debug */,
				2D0BC2E71E271398002CB532 /* Release */,
			);
			defaultConfigurationIsVisible = 0;
			defaultConfigurationName = Release;
		};
/* End XCConfigurationList section */
	};
	rootObject = 2D0BC2CB1E271398002CB532 /* Project object */;
}
